
Microsoft Visual Studio Solution File, Format Version 12.00
# Visual Studio Version 17
VisualStudioVersion = 17.0.32112.339
MinimumVisualStudioVersion = 10.0.40219.1
Project("{FAE04EC0-301F-11D3-BF4B-00C04F79EFBC}") = "Escola_Net", "Escola_Net\Escola_Net.csproj", "{DA5BF1CC-043E-43E0-8353-1FEEDAE6C3C8}"
EndProject
Project("{FAE04EC0-301F-11D3-BF4B-00C04F79EFBC}") = "Escola_Net_Domain", "Escola_Net_Domain\Escola_Net_Domain.csproj", "{6DC6B654-AAC7-4BD3-8826-58FBDCBD7C84}"
EndProject
Global
	GlobalSection(SolutionConfigurationPlatforms) = preSolution
		Debug|Any CPU = Debug|Any CPU
		Release|Any CPU = Release|Any CPU
	EndGlobalSection
	GlobalSection(ProjectConfigurationPlatforms) = postSolution
		{DA5BF1CC-043E-43E0-8353-1FEEDAE6C3C8}.Debug|Any CPU.ActiveCfg = Debug|Any CPU
		{DA5BF1CC-043E-43E0-8353-1FEEDAE6C3C8}.Debug|Any CPU.Build.0 = Debug|Any CPU
		{DA5BF1CC-043E-43E0-8353-1FEEDAE6C3C8}.Release|Any CPU.ActiveCfg = Release|Any CPU
		{DA5BF1CC-043E-43E0-8353-1FEEDAE6C3C8}.Release|Any CPU.Build.0 = Release|Any CPU
		{6DC6B654-AAC7-4BD3-8826-58FBDCBD7C84}.Debug|Any CPU.ActiveCfg = Debug|Any CPU
		{6DC6B654-AAC7-4BD3-8826-58FBDCBD7C84}.Debug|Any CPU.Build.0 = Debug|Any CPU
		{6DC6B654-AAC7-4BD3-8826-58FBDCBD7C84}.Release|Any CPU.ActiveCfg = Release|Any CPU
		{6DC6B654-AAC7-4BD3-8826-58FBDCBD7C84}.Release|Any CPU.Build.0 = Release|Any CPU
	EndGlobalSection
	GlobalSection(SolutionProperties) = preSolution
		HideSolutionNode = FALSE
	EndGlobalSection
	GlobalSection(ExtensibilityGlobals) = postSolution
		SolutionGuid = {873FC1F5-6B16-4745-836A-F61EB4468632}
	EndGlobalSection
EndGlobal
